
Microsoft Visual Studio Solution File, Format Version 12.00
# Visual Studio Version 17
VisualStudioVersion = 17.3.32922.545
MinimumVisualStudioVersion = 10.0.40219.1
Project("{FAE04EC0-301F-11D3-BF4B-00C04F79EFBC}") = "Hancock_Array_Project", "Hancock_Array_Project\Hancock_Array_Project.csproj", "{7F728F61-9887-4C89-BB45-D811119C1B61}"
EndProject
Global
	GlobalSection(SolutionConfigurationPlatforms) = preSolution
		Debug|Any CPU = Debug|Any CPU
		Release|Any CPU = Release|Any CPU
	EndGlobalSection
	GlobalSection(ProjectConfigurationPlatforms) = postSolution
		{7F728F61-9887-4C89-BB45-D811119C1B61}.Debug|Any CPU.ActiveCfg = Debug|Any CPU
		{7F728F61-9887-4C89-BB45-D811119C1B61}.Debug|Any CPU.Build.0 = Debug|Any CPU
		{7F728F61-9887-4C89-BB45-D811119C1B61}.Release|Any CPU.ActiveCfg = Release|Any CPU
		{7F728F61-9887-4C89-BB45-D811119C1B61}.Release|Any CPU.Build.0 = Release|Any CPU
	EndGlobalSection
	GlobalSection(SolutionProperties) = preSolution
		HideSolutionNode = FALSE
	EndGlobalSection
	GlobalSection(ExtensibilityGlobals) = postSolution
		SolutionGuid = {EA6E8112-8C2B-4D0C-9E56-CCF63F8C81E2}
	EndGlobalSection
EndGlobal
